// !$*UTF8*$!
{
	archiveVersion = 1;
	classes = {
	};
	objectVersion = 56;
	objects = {

/* Begin PBXBuildFile section */
		E8D2AD55291AA3000009DAE6 /* DetailsViewController.swift in Sources */ = {isa = PBXBuildFile; fileRef = E8D2AD54291AA3000009DAE6 /* DetailsViewController.swift */; };
		E8EA6C09291A7D860099D563 /* AppDelegate.swift in Sources */ = {isa = PBXBuildFile; fileRef = E8EA6C08291A7D860099D563 /* AppDelegate.swift */; };
		E8EA6C0B291A7D860099D563 /* SceneDelegate.swift in Sources */ = {isa = PBXBuildFile; fileRef = E8EA6C0A291A7D860099D563 /* SceneDelegate.swift */; };
		E8EA6C0D291A7D860099D563 /* ViewController.swift in Sources */ = {isa = PBXBuildFile; fileRef = E8EA6C0C291A7D860099D563 /* ViewController.swift */; };
		E8EA6C10291A7D860099D563 /* Main.storyboard in Resources */ = {isa = PBXBuildFile; fileRef = E8EA6C0E291A7D860099D563 /* Main.storyboard */; };
		E8EA6C12291A7D870099D563 /* Assets.xcassets in Resources */ = {isa = PBXBuildFile; fileRef = E8EA6C11291A7D870099D563 /* Assets.xcassets */; };
		E8EA6C15291A7D870099D563 /* LaunchScreen.storyboard in Resources */ = {isa = PBXBuildFile; fileRef = E8EA6C13291A7D870099D563 /* LaunchScreen.storyboard */; };
/* End PBXBuildFile section */

/* Begin PBXFileReference section */
		E8D2AD54291AA3000009DAE6 /* DetailsViewController.swift */ = {isa = PBXFileReference; lastKnownFileType = sourcecode.swift; path = DetailsViewController.swift; sourceTree = "<group>"; };
		E8EA6C05291A7D860099D563 /* LandmarkBook.app */ = {isa = PBXFileReference; explicitFileType = wrapper.application; includeInIndex = 0; path = LandmarkBook.app; sourceTree = BUILT_PRODUCTS_DIR; };
		E8EA6C08291A7D860099D563 /* AppDelegate.swift */ = {isa = PBXFileReference; lastKnownFileType = sourcecode.swift; path = AppDelegate.swift; sourceTree = "<group>"; };
		E8EA6C0A291A7D860099D563 /* SceneDelegate.swift */ = {isa = PBXFileReference; lastKnownFileType = sourcecode.swift; path = SceneDelegate.swift; sourceTree = "<group>"; };
		E8EA6C0C291A7D860099D563 /* ViewController.swift */ = {isa = PBXFileReference; lastKnownFileType = sourcecode.swift; path = ViewController.swift; sourceTree = "<group>"; };
		E8EA6C0F291A7D860099D563 /* Base */ = {isa = PBXFileReference; lastKnownFileType = file.storyboard; name = Base; path = Base.lproj/Main.storyboard; sourceTree = "<group>"; };
		E8EA6C11291A7D870099D563 /* Assets.xcassets */ = {isa = PBXFileReference; lastKnownFileType = folder.assetcatalog; path = Assets.xcassets; sourceTree = "<group>"; };
		E8EA6C14291A7D870099D563 /* Base */ = {isa = PBXFileReference; lastKnownFileType = file.storyboard; name = Base; path = Base.lproj/LaunchScreen.storyboard; sourceTree = "<group>"; };
		E8EA6C16291A7D870099D563 /* Info.plist */ = {isa = PBXFileReference; lastKnownFileType = text.plist.xml; path = Info.plist; sourceTree = "<group>"; };
/* End PBXFileReference section */

/* Begin PBXFrameworksBuildPhase section */
		E8EA6C02291A7D860099D563 /* Frameworks */ = {
			isa = PBXFrameworksBuildPhase;
			buildActionMask = 2147483647;
			files = (
			);
			runOnlyForDeploymentPostprocessing = 0;
		};
/* End PBXFrameworksBuildPhase section */

/* Begin PBXGroup section */
		E8EA6BFC291A7D860099D563 = {
			isa = PBXGroup;
			children = (
				E8EA6C07291A7D860099D563 /* LandmarkBook */,
				E8EA6C06291A7D860099D563 /* Products */,
			);
			sourceTree = "<group>";
		};
		E8EA6C06291A7D860099D563 /* Products */ = {
			isa = PBXGroup;
			children = (
				E8EA6C05291A7D860099D563 /* LandmarkBook.app */,
			);
			name = Products;
			sourceTree = "<group>";
		};
		E8EA6C07291A7D860099D563 /* LandmarkBook */ = {
			isa = PBXGroup;
			children = (
				E8EA6C1E291A7DBF0099D563 /* SupportingFiles */,
				E8EA6C1D291A7DB40099D563 /* View */,
				E8EA6C1C291A7DA00099D563 /* Controller */,
				E8D2AD54291AA3000009DAE6 /* DetailsViewController.swift */,
			);
			path = LandmarkBook;
			sourceTree = "<group>";
		};
		E8EA6C1C291A7DA00099D563 /* Controller */ = {
			isa = PBXGroup;
			children = (
				E8EA6C0C291A7D860099D563 /* ViewController.swift */,
			);
			path = Controller;
			sourceTree = "<group>";
		};
		E8EA6C1D291A7DB40099D563 /* View */ = {
			isa = PBXGroup;
			children = (
				E8EA6C0E291A7D860099D563 /* Main.storyboard */,
			);
			path = View;
			sourceTree = "<group>";
		};
		E8EA6C1E291A7DBF0099D563 /* SupportingFiles */ = {
			isa = PBXGroup;
			children = (
				E8EA6C08291A7D860099D563 /* AppDelegate.swift */,
				E8EA6C11291A7D870099D563 /* Assets.xcassets */,
				E8EA6C13291A7D870099D563 /* LaunchScreen.storyboard */,
				E8EA6C16291A7D870099D563 /* Info.plist */,
				E8EA6C0A291A7D860099D563 /* SceneDelegate.swift */,
			);
			path = SupportingFiles;
			sourceTree = "<group>";
		};
/* End PBXGroup section */

/* Begin PBXNativeTarget section */
		E8EA6C04291A7D860099D563 /* LandmarkBook */ = {
			isa = PBXNativeTarget;
			buildConfigurationList = E8EA6C19291A7D870099D563 /* Build configuration list for PBXNativeTarget "LandmarkBook" */;
			buildPhases = (
				E8EA6C01291A7D860099D563 /* Sources */,
				E8EA6C02291A7D860099D563 /* Frameworks */,
				E8EA6C03291A7D860099D563 /* Resources */,
			);
			buildRules = (
			);
			dependencies = (
			);
			name = LandmarkBook;
			productName = LandmarkBook;
			productReference = E8EA6C05291A7D860099D563 /* LandmarkBook.app */;
			productType = "com.apple.product-type.application";
		};
/* End PBXNativeTarget section */

/* Begin PBXProject section */
		E8EA6BFD291A7D860099D563 /* Project object */ = {
			isa = PBXProject;
			attributes = {
				BuildIndependentTargetsInParallel = 1;
				LastSwiftUpdateCheck = 1410;
				LastUpgradeCheck = 1410;
				TargetAttributes = {
					E8EA6C04291A7D860099D563 = {
						CreatedOnToolsVersion = 14.1;
					};
				};
			};
			buildConfigurationList = E8EA6C00291A7D860099D563 /* Build configuration list for PBXProject "LandmarkBook" */;
			compatibilityVersion = "Xcode 14.0";
			developmentRegion = en;
			hasScannedForEncodings = 0;
			knownRegions = (
				en,
				Base,
			);
			mainGroup = E8EA6BFC291A7D860099D563;
			productRefGroup = E8EA6C06291A7D860099D563 /* Products */;
			projectDirPath = "";
			projectRoot = "";
			targets = (
				E8EA6C04291A7D860099D563 /* LandmarkBook */,
			);
		};
/* End PBXProject section */

/* Begin PBXResourcesBuildPhase section */
		E8EA6C03291A7D860099D563 /* Resources */ = {
			isa = PBXResourcesBuildPhase;
			buildActionMask = 2147483647;
			files = (
				E8EA6C15291A7D870099D563 /* LaunchScreen.storyboard in Resources */,
				E8EA6C12291A7D870099D563 /* Assets.xcassets in Resources */,
				E8EA6C10291A7D860099D563 /* Main.storyboard in Resources */,
			);
			runOnlyForDeploymentPostprocessing = 0;
		};
/* End PBXResourcesBuildPhase section */

/* Begin PBXSourcesBuildPhase section */
		E8EA6C01291A7D860099D563 /* Sources */ = {
			isa = PBXSourcesBuildPhase;
			buildActionMask = 2147483647;
			files = (
				E8EA6C0D291A7D860099D563 /* ViewController.swift in Sources */,
				E8EA6C09291A7D860099D563 /* AppDelegate.swift in Sources */,
				E8EA6C0B291A7D860099D563 /* SceneDelegate.swift in Sources */,
				E8D2AD55291AA3000009DAE6 /* DetailsViewController.swift in Sources */,
			);
			runOnlyForDeploymentPostprocessing = 0;
		};
/* End PBXSourcesBuildPhase section */

/* Begin PBXVariantGroup section */
		E8EA6C0E291A7D860099D563 /* Main.storyboard */ = {
			isa = PBXVariantGroup;
			children = (
				E8EA6C0F291A7D860099D563 /* Base */,
			);
			name = Main.storyboard;
			sourceTree = "<group>";
		};
		E8EA6C13291A7D870099D563 /* LaunchScreen.storyboard */ = {
			isa = PBXVariantGroup;
			children = (
				E8EA6C14291A7D870099D563 /* Base */,
			);
			name = LaunchScreen.storyboard;
			sourceTree = "<group>";
		};
/* End PBXVariantGroup section */

/* Begin XCBuildConfiguration section */
		E8EA6C17291A7D870099D563 /* Debug */ = {
			isa = XCBuildConfiguration;
			buildSettings = {
				ALWAYS_SEARCH_USER_PATHS = NO;
				CLANG_ANALYZER_NONNULL = YES;
				CLANG_ANALYZER_NUMBER_OBJECT_CONVERSION = YES_AGGRESSIVE;
				CLANG_CXX_LANGUAGE_STANDARD = "gnu++20";
				CLANG_ENABLE_MODULES = YES;
				CLANG_ENABLE_OBJC_ARC = YES;
				CLANG_ENABLE_OBJC_WEAK = YES;
				CLANG_WARN_BLOCK_CAPTURE_AUTORELEASING = YES;
				CLANG_WARN_BOOL_CONVERSION = YES;
				CLANG_WARN_COMMA = YES;
				CLANG_WARN_CONSTANT_CONVERSION = YES;
				CLANG_WARN_DEPRECATED_OBJC_IMPLEMENTATIONS = YES;
				CLANG_WARN_DIRECT_OBJC_ISA_USAGE = YES_ERROR;
				CLANG_WARN_DOCUMENTATION_COMMENTS = YES;
				CLANG_WARN_EMPTY_BODY = YES;
				CLANG_WARN_ENUM_CONVERSION = YES;
				CLANG_WARN_INFINITE_RECURSION = YES;
				CLANG_WARN_INT_CONVERSION = YES;
				CLANG_WARN_NON_LITERAL_NULL_CONVERSION = YES;
				CLANG_WARN_OBJC_IMPLICIT_RETAIN_SELF = YES;
				CLANG_WARN_OBJC_LITERAL_CONVERSION = YES;
				CLANG_WARN_OBJC_ROOT_CLASS = YES_ERROR;
				CLANG_WARN_QUOTED_INCLUDE_IN_FRAMEWORK_HEADER = YES;
				CLANG_WARN_RANGE_LOOP_ANALYSIS = YES;
				CLANG_WARN_STRICT_PROTOTYPES = YES;
				CLANG_WARN_SUSPICIOUS_MOVE = YES;
				CLANG_WARN_UNGUARDED_AVAILABILITY = YES_AGGRESSIVE;
				CLANG_WARN_UNREACHABLE_CODE = YES;
				CLANG_WARN__DUPLICATE_METHOD_MATCH = YES;
				COPY_PHASE_STRIP = NO;
				DEBUG_INFORMATION_FORMAT = dwarf;
				ENABLE_STRICT_OBJC_MSGSEND = YES;
				ENABLE_TESTABILITY = YES;
				GCC_C_LANGUAGE_STANDARD = gnu11;
				GCC_DYNAMIC_NO_PIC = NO;
				GCC_NO_COMMON_BLOCKS = YES;
				GCC_OPTIMIZATION_LEVEL = 0;
				GCC_PREPROCESSOR_DEFINITIONS = (
					"DEBUG=1",
					"$(inherited)",
				);
				GCC_WARN_64_TO_32_BIT_CONVERSION = YES;
				GCC_WARN_ABOUT_RETURN_TYPE = YES_ERROR;
				GCC_WARN_UNDECLARED_SELECTOR = YES;
				GCC_WARN_UNINITIALIZED_AUTOS = YES_AGGRESSIVE;
				GCC_WARN_UNUSED_FUNCTION = YES;
				GCC_WARN_UNUSED_VARIABLE = YES;
				IPHONEOS_DEPLOYMENT_TARGET = 16.1;
				MTL_ENABLE_DEBUG_INFO = INCLUDE_SOURCE;
				MTL_FAST_MATH = YES;
				ONLY_ACTIVE_ARCH = YES;
				SDKROOT = iphoneos;
				SWIFT_ACTIVE_COMPILATION_CONDITIONS = DEBUG;
				SWIFT_OPTIMIZATION_LEVEL = "-Onone";
			};
			name = Debug;
		};
		E8EA6C18291A7D870099D563 /* Release */ = {
			isa = XCBuildConfiguration;
			buildSettings = {
				ALWAYS_SEARCH_USER_PATHS = NO;
				CLANG_ANALYZER_NONNULL = YES;
				CLANG_ANALYZER_NUMBER_OBJECT_CONVERSION = YES_AGGRESSIVE;
				CLANG_CXX_LANGUAGE_STANDARD = "gnu++20";
				CLANG_ENABLE_MODULES = YES;
				CLANG_ENABLE_OBJC_ARC = YES;
				CLANG_ENABLE_OBJC_WEAK = YES;
				CLANG_WARN_BLOCK_CAPTURE_AUTORELEASING = YES;
				CLANG_WARN_BOOL_CONVERSION = YES;
				CLANG_WARN_COMMA = YES;
				CLANG_WARN_CONSTANT_CONVERSION = YES;
				CLANG_WARN_DEPRECATED_OBJC_IMPLEMENTATIONS = YES;
				CLANG_WARN_DIRECT_OBJC_ISA_USAGE = YES_ERROR;
				CLANG_WARN_DOCUMENTATION_COMMENTS = YES;
				CLANG_WARN_EMPTY_BODY = YES;
				CLANG_WARN_ENUM_CONVERSION = YES;
				CLANG_WARN_INFINITE_RECURSION = YES;
				CLANG_WARN_INT_CONVERSION = YES;
				CLANG_WARN_NON_LITERAL_NULL_CONVERSION = YES;
				CLANG_WARN_OBJC_IMPLICIT_RETAIN_SELF = YES;
				CLANG_WARN_OBJC_LITERAL_CONVERSION = YES;
				CLANG_WARN_OBJC_ROOT_CLASS = YES_ERROR;
				CLANG_WARN_QUOTED_INCLUDE_IN_FRAMEWORK_HEADER = YES;
				CLANG_WARN_RANGE_LOOP_ANALYSIS = YES;
				CLANG_WARN_STRICT_PROTOTYPES = YES;
				CLANG_WARN_SUSPICIOUS_MOVE = YES;
				CLANG_WARN_UNGUARDED_AVAILABILITY = YES_AGGRESSIVE;
				CLANG_WARN_UNREACHABLE_CODE = YES;
				CLANG_WARN__DUPLICATE_METHOD_MATCH = YES;
				COPY_PHASE_STRIP = NO;
				DEBUG_INFORMATION_FORMAT = "dwarf-with-dsym";
				ENABLE_NS_ASSERTIONS = NO;
				ENABLE_STRICT_OBJC_MSGSEND = YES;
				GCC_C_LANGUAGE_STANDARD = gnu11;
				GCC_NO_COMMON_BLOCKS = YES;
				GCC_WARN_64_TO_32_BIT_CONVERSION = YES;
				GCC_WARN_ABOUT_RETURN_TYPE = YES_ERROR;
				GCC_WARN_UNDECLARED_SELECTOR = YES;
				GCC_WARN_UNINITIALIZED_AUTOS = YES_AGGRESSIVE;
				GCC_WARN_UNUSED_FUNCTION = YES;
				GCC_WARN_UNUSED_VARIABLE = YES;
				IPHONEOS_DEPLOYMENT_TARGET = 16.1;
				MTL_ENABLE_DEBUG_INFO = NO;
				MTL_FAST_MATH = YES;
				SDKROOT = iphoneos;
				SWIFT_COMPILATION_MODE = wholemodule;
				SWIFT_OPTIMIZATION_LEVEL = "-O";
				VALIDATE_PRODUCT = YES;
			};
			name = Release;
		};
		E8EA6C1A291A7D870099D563 /* Debug */ = {
			isa = XCBuildConfiguration;
			buildSettings = {
				ASSETCATALOG_COMPILER_APPICON_NAME = AppIcon;
				ASSETCATALOG_COMPILER_GLOBAL_ACCENT_COLOR_NAME = AccentColor;
				CODE_SIGN_STYLE = Automatic;
				CURRENT_PROJECT_VERSION = 1;
				DEVELOPMENT_TEAM = TG7AJ7DV74;
				GENERATE_INFOPLIST_FILE = YES;
				INFOPLIST_FILE = LandmarkBook/SupportingFiles/Info.plist;
				INFOPLIST_KEY_UIApplicationSupportsIndirectInputEvents = YES;
				INFOPLIST_KEY_UILaunchStoryboardName = LaunchScreen;
				INFOPLIST_KEY_UIMainStoryboardFile = Main;
				INFOPLIST_KEY_UISupportedInterfaceOrientations_iPad = "UIInterfaceOrientationPortrait UIInterfaceOrientationPortraitUpsideDown UIInterfaceOrientationLandscapeLeft UIInterfaceOrientationLandscapeRight";
				INFOPLIST_KEY_UISupportedInterfaceOrientations_iPhone = "UIInterfaceOrientationPortrait UIInterfaceOrientationLandscapeLeft UIInterfaceOrientationLandscapeRight";
				LD_RUNPATH_SEARCH_PATHS = (
					"$(inherited)",
					"@executable_path/Frameworks",
				);
				MARKETING_VERSION = 1.0;
				PRODUCT_BUNDLE_IDENTIFIER = com.busraozkan.LandmarkBook;
				PRODUCT_NAME = "$(TARGET_NAME)";
				SWIFT_EMIT_LOC_STRINGS = YES;
				SWIFT_VERSION = 5.0;
				TARGETED_DEVICE_FAMILY = "1,2";
			};
			name = Debug;
		};
		E8EA6C1B291A7D870099D563 /* Release */ = {
			isa = XCBuildConfiguration;
			buildSettings = {
				ASSETCATALOG_COMPILER_APPICON_NAME = AppIcon;
				ASSETCATALOG_COMPILER_GLOBAL_ACCENT_COLOR_NAME = AccentColor;
				CODE_SIGN_STYLE = Automatic;
				CURRENT_PROJECT_VERSION = 1;
				DEVELOPMENT_TEAM = TG7AJ7DV74;
				GENERATE_INFOPLIST_FILE = YES;
				INFOPLIST_FILE = LandmarkBook/SupportingFiles/Info.plist;
				INFOPLIST_KEY_UIApplicationSupportsIndirectInputEvents = YES;
				INFOPLIST_KEY_UILaunchStoryboardName = LaunchScreen;
				INFOPLIST_KEY_UIMainStoryboardFile = Main;
				INFOPLIST_KEY_UISupportedInterfaceOrientations_iPad = "UIInterfaceOrientationPortrait UIInterfaceOrientationPortraitUpsideDown UIInterfaceOrientationLandscapeLeft UIInterfaceOrientationLandscapeRight";
				INFOPLIST_KEY_UISupportedInterfaceOrientations_iPhone = "UIInterfaceOrientationPortrait UIInterfaceOrientationLandscapeLeft UIInterfaceOrientationLandscapeRight";
				LD_RUNPATH_SEARCH_PATHS = (
					"$(inherited)",
					"@executable_path/Frameworks",
				);
				MARKETING_VERSION = 1.0;
				PRODUCT_BUNDLE_IDENTIFIER = com.busraozkan.LandmarkBook;
				PRODUCT_NAME = "$(TARGET_NAME)";
				SWIFT_EMIT_LOC_STRINGS = YES;
				SWIFT_VERSION = 5.0;
				TARGETED_DEVICE_FAMILY = "1,2";
			};
			name = Release;
		};
/* End XCBuildConfiguration section */

/* Begin XCConfigurationList section */
		E8EA6C00291A7D860099D563 /* Build configuration list for PBXProject "LandmarkBook" */ = {
			isa = XCConfigurationList;
			buildConfigurations = (
				E8EA6C17291A7D870099D563 /* Debug */,
				E8EA6C18291A7D870099D563 /* Release */,
			);
			defaultConfigurationIsVisible = 0;
			defaultConfigurationName = Release;
		};
		E8EA6C19291A7D870099D563 /* Build configuration list for PBXNativeTarget "LandmarkBook" */ = {
			isa = XCConfigurationList;
			buildConfigurations = (
				E8EA6C1A291A7D870099D563 /* Debug */,
				E8EA6C1B291A7D870099D563 /* Release */,
			);
			defaultConfigurationIsVisible = 0;
			defaultConfigurationName = Release;
		};
/* End XCConfigurationList section */
	};
	rootObject = E8EA6BFD291A7D860099D563 /* Project object */;
}
